
Microsoft Visual Studio Solution File, Format Version 12.00
# Visual Studio Version 16
VisualStudioVersion = 16.0.31911.196
MinimumVisualStudioVersion = 10.0.40219.1
Project("{FAE04EC0-301F-11D3-BF4B-00C04F79EFBC}") = "OdataApi_V5", "OdataApi_V5\OdataApi_V5.csproj", "{9921D218-DC5C-41B2-B532-E9797B7715B7}"
EndProject
Global
	GlobalSection(SolutionConfigurationPlatforms) = preSolution
		Debug|Any CPU = Debug|Any CPU
		Release|Any CPU = Release|Any CPU
	EndGlobalSection
	GlobalSection(ProjectConfigurationPlatforms) = postSolution
		{9921D218-DC5C-41B2-B532-E9797B7715B7}.Debug|Any CPU.ActiveCfg = Debug|Any CPU
		{9921D218-DC5C-41B2-B532-E9797B7715B7}.Debug|Any CPU.Build.0 = Debug|Any CPU
		{9921D218-DC5C-41B2-B532-E9797B7715B7}.Release|Any CPU.ActiveCfg = Release|Any CPU
		{9921D218-DC5C-41B2-B532-E9797B7715B7}.Release|Any CPU.Build.0 = Release|Any CPU
	EndGlobalSection
	GlobalSection(SolutionProperties) = preSolution
		HideSolutionNode = FALSE
	EndGlobalSection
	GlobalSection(ExtensibilityGlobals) = postSolution
		SolutionGuid = {C6BBBE19-0401-4D9E-A015-58F64A2DB063}
	EndGlobalSection
EndGlobal
